// !$*UTF8*$!
{
	archiveVersion = 1;
	classes = {
	};
	objectVersion = 46;
	objects = {

/* Begin PBXBuildFile section */
		8E2909201EB2340C00CBE4F7 /* Pulley.framework in Frameworks */ = {isa = PBXBuildFile; fileRef = 8E29091F1EB2340C00CBE4F7 /* Pulley.framework */; };
		8E2D42AD1EB23CEF00F286CF /* DetailViewController.swift in Sources */ = {isa = PBXBuildFile; fileRef = 8E2D42AC1EB23CEF00F286CF /* DetailViewController.swift */; };
		8E2D42AF1EB24F7200F286CF /* MainViewController.swift in Sources */ = {isa = PBXBuildFile; fileRef = 8E2D42AE1EB24F7200F286CF /* MainViewController.swift */; };
		8E2D42B21EB2503800F286CF /* MapKitExtensions.swift in Sources */ = {isa = PBXBuildFile; fileRef = 8E2D42B11EB2503800F286CF /* MapKitExtensions.swift */; };
		8E2D42B41EB269D400F286CF /* UIKitExtensions.swift in Sources */ = {isa = PBXBuildFile; fileRef = 8E2D42B31EB269D400F286CF /* UIKitExtensions.swift */; };
		8E2D42B51EB26F4300F286CF /* UIKitExtensions.swift in Sources */ = {isa = PBXBuildFile; fileRef = 8E2D42B31EB269D400F286CF /* UIKitExtensions.swift */; };
		8E2D42B71EB274BF00F286CF /* AnnotationView.swift in Sources */ = {isa = PBXBuildFile; fileRef = 8E2D42B61EB274BF00F286CF /* AnnotationView.swift */; };
		8E39213C1EB1C24500277701 /* Cereal.framework in Frameworks */ = {isa = PBXBuildFile; fileRef = 8E39213B1EB1C24500277701 /* Cereal.framework */; };
		8E39213F1EB1C44200277701 /* Database.swift in Sources */ = {isa = PBXBuildFile; fileRef = 8E39213E1EB1C44200277701 /* Database.swift */; };
		8E3921411EB1CADA00277701 /* Provider.swift in Sources */ = {isa = PBXBuildFile; fileRef = 8E3921401EB1CADA00277701 /* Provider.swift */; };
		8E3921431EB1CC7900277701 /* Zone.swift in Sources */ = {isa = PBXBuildFile; fileRef = 8E3921421EB1CC7900277701 /* Zone.swift */; };
		8E3921451EB1E3BA00277701 /* ZoneGroup.swift in Sources */ = {isa = PBXBuildFile; fileRef = 8E3921441EB1E3BA00277701 /* ZoneGroup.swift */; };
		8E39214D1EB1E6FA00277701 /* ModelTests.swift in Sources */ = {isa = PBXBuildFile; fileRef = 8E39214C1EB1E6FA00277701 /* ModelTests.swift */; };
		8E3921541EB1E70D00277701 /* Cereal.framework in Frameworks */ = {isa = PBXBuildFile; fileRef = 8E39213B1EB1C24500277701 /* Cereal.framework */; };
		8E3921551EB1E7CF00277701 /* Database.swift in Sources */ = {isa = PBXBuildFile; fileRef = 8E39213E1EB1C44200277701 /* Database.swift */; };
		8E3921561EB1E7D200277701 /* Provider.swift in Sources */ = {isa = PBXBuildFile; fileRef = 8E3921401EB1CADA00277701 /* Provider.swift */; };
		8E3921571EB1E7D500277701 /* Zone.swift in Sources */ = {isa = PBXBuildFile; fileRef = 8E3921421EB1CC7900277701 /* Zone.swift */; };
		8E3921581EB1E7D700277701 /* ZoneGroup.swift in Sources */ = {isa = PBXBuildFile; fileRef = 8E3921441EB1E3BA00277701 /* ZoneGroup.swift */; };
		8E39215E1EB2033800277701 /* Data.json in Resources */ = {isa = PBXBuildFile; fileRef = 8E39215A1EB2033800277701 /* Data.json */; };
		8E3921641EB203C100277701 /* ApplicationData.swift in Sources */ = {isa = PBXBuildFile; fileRef = 8E3921631EB203C100277701 /* ApplicationData.swift */; };
		8E3921661EB2071C00277701 /* JSONParsing.swift in Sources */ = {isa = PBXBuildFile; fileRef = 8E3921651EB2071C00277701 /* JSONParsing.swift */; };
		8E3921681EB227CF00277701 /* Networking.swift in Sources */ = {isa = PBXBuildFile; fileRef = 8E3921671EB227CF00277701 /* Networking.swift */; };
		8E585A391EBDC2AD0006342E /* InfoViewController.swift in Sources */ = {isa = PBXBuildFile; fileRef = 8E585A381EBDC2AD0006342E /* InfoViewController.swift */; };
		8E8904DD1EBF5D8C0049EF7A /* CarLicenseViewController.swift in Sources */ = {isa = PBXBuildFile; fileRef = 8E8904DC1EBF5D8C0049EF7A /* CarLicenseViewController.swift */; };
		8EA9E0F61EB4AFCC007D1BA7 /* RoundedButton.swift in Sources */ = {isa = PBXBuildFile; fileRef = 8EA9E0F51EB4AFCC007D1BA7 /* RoundedButton.swift */; };
		8EA9E0F91EB4C3F6007D1BA7 /* Localizable.strings in Resources */ = {isa = PBXBuildFile; fileRef = 8EA9E0F81EB4C3F6007D1BA7 /* Localizable.strings */; };
		8EA9E0FB1EB4C43D007D1BA7 /* FoundationExtensions.swift in Sources */ = {isa = PBXBuildFile; fileRef = 8EA9E0FA1EB4C43D007D1BA7 /* FoundationExtensions.swift */; };
		8EA9E0FD1EB5FD4E007D1BA7 /* ModelExtensions.swift in Sources */ = {isa = PBXBuildFile; fileRef = 8EA9E0FC1EB5FD4E007D1BA7 /* ModelExtensions.swift */; };
		8ED7E81F1EB1BCED00F13023 /* AppDelegate.swift in Sources */ = {isa = PBXBuildFile; fileRef = 8ED7E81E1EB1BCED00F13023 /* AppDelegate.swift */; };
		8ED7E8211EB1BCED00F13023 /* MapViewController.swift in Sources */ = {isa = PBXBuildFile; fileRef = 8ED7E8201EB1BCED00F13023 /* MapViewController.swift */; };
		8ED7E8241EB1BCED00F13023 /* Main.storyboard in Resources */ = {isa = PBXBuildFile; fileRef = 8ED7E8221EB1BCED00F13023 /* Main.storyboard */; };
		8ED7E8261EB1BCED00F13023 /* Assets.xcassets in Resources */ = {isa = PBXBuildFile; fileRef = 8ED7E8251EB1BCED00F13023 /* Assets.xcassets */; };
		8ED7E8291EB1BCED00F13023 /* LaunchScreen.storyboard in Resources */ = {isa = PBXBuildFile; fileRef = 8ED7E8271EB1BCED00F13023 /* LaunchScreen.storyboard */; };
/* End PBXBuildFile section */

/* Begin PBXContainerItemProxy section */
		8E39214F1EB1E6FA00277701 /* PBXContainerItemProxy */ = {
			isa = PBXContainerItemProxy;
			containerPortal = 8ED7E8131EB1BCED00F13023 /* Project object */;
			proxyType = 1;
			remoteGlobalIDString = 8ED7E81A1EB1BCED00F13023;
			remoteInfo = Pargi;
		};
		8E6DC8D81EB2382500E8C1CA /* PBXContainerItemProxy */ = {
			isa = PBXContainerItemProxy;
			containerPortal = 8E6DC8D31EB2382500E8C1CA /* Pulley.xcodeproj */;
			proxyType = 2;
			remoteGlobalIDString = 355DBF131E40EA4300671CDD;
			remoteInfo = Pulley;
		};
		8E6DC8DA1EB2382500E8C1CA /* PBXContainerItemProxy */ = {
			isa = PBXContainerItemProxy;
			containerPortal = 8E6DC8D31EB2382500E8C1CA /* Pulley.xcodeproj */;
			proxyType = 2;
			remoteGlobalIDString = C6DF73CF1D2DE2B500735EBC;
			remoteInfo = PulleyDemo;
		};
		8E6DC8DC1EB2382D00E8C1CA /* PBXContainerItemProxy */ = {
			isa = PBXContainerItemProxy;
			containerPortal = 8E6DC8D31EB2382500E8C1CA /* Pulley.xcodeproj */;
			proxyType = 1;
			remoteGlobalIDString = 355DBF121E40EA4300671CDD;
			remoteInfo = Pulley;
		};
/* End PBXContainerItemProxy section */

/* Begin PBXFileReference section */
		8E29091F1EB2340C00CBE4F7 /* Pulley.framework */ = {isa = PBXFileReference; lastKnownFileType = wrapper.framework; name = Pulley.framework; path = Carthage/Build/iOS/Pulley.framework; sourceTree = "<group>"; };
		8E2D42AC1EB23CEF00F286CF /* DetailViewController.swift */ = {isa = PBXFileReference; fileEncoding = 4; lastKnownFileType = sourcecode.swift; path = DetailViewController.swift; sourceTree = "<group>"; };
		8E2D42AE1EB24F7200F286CF /* MainViewController.swift */ = {isa = PBXFileReference; fileEncoding = 4; lastKnownFileType = sourcecode.swift; path = MainViewController.swift; sourceTree = "<group>"; };
		8E2D42B11EB2503800F286CF /* MapKitExtensions.swift */ = {isa = PBXFileReference; fileEncoding = 4; lastKnownFileType = sourcecode.swift; path = MapKitExtensions.swift; sourceTree = "<group>"; };
		8E2D42B31EB269D400F286CF /* UIKitExtensions.swift */ = {isa = PBXFileReference; fileEncoding = 4; lastKnownFileType = sourcecode.swift; path = UIKitExtensions.swift; sourceTree = "<group>"; };
		8E2D42B61EB274BF00F286CF /* AnnotationView.swift */ = {isa = PBXFileReference; fileEncoding = 4; lastKnownFileType = sourcecode.swift; path = AnnotationView.swift; sourceTree = "<group>"; };
		8E3921381EB1C13400277701 /* Cartfile */ = {isa = PBXFileReference; fileEncoding = 4; lastKnownFileType = text; path = Cartfile; sourceTree = "<group>"; };
		8E39213B1EB1C24500277701 /* Cereal.framework */ = {isa = PBXFileReference; lastKnownFileType = wrapper.framework; name = Cereal.framework; path = Carthage/Build/iOS/Cereal.framework; sourceTree = "<group>"; };
		8E39213E1EB1C44200277701 /* Database.swift */ = {isa = PBXFileReference; fileEncoding = 4; lastKnownFileType = sourcecode.swift; path = Database.swift; sourceTree = "<group>"; };
		8E3921401EB1CADA00277701 /* Provider.swift */ = {isa = PBXFileReference; fileEncoding = 4; lastKnownFileType = sourcecode.swift; path = Provider.swift; sourceTree = "<group>"; };
		8E3921421EB1CC7900277701 /* Zone.swift */ = {isa = PBXFileReference; fileEncoding = 4; lastKnownFileType = sourcecode.swift; path = Zone.swift; sourceTree = "<group>"; };
		8E3921441EB1E3BA00277701 /* ZoneGroup.swift */ = {isa = PBXFileReference; fileEncoding = 4; lastKnownFileType = sourcecode.swift; path = ZoneGroup.swift; sourceTree = "<group>"; };
		8E39214A1EB1E6FA00277701 /* PargiTests.xctest */ = {isa = PBXFileReference; explicitFileType = wrapper.cfbundle; includeInIndex = 0; path = PargiTests.xctest; sourceTree = BUILT_PRODUCTS_DIR; };
		8E39214C1EB1E6FA00277701 /* ModelTests.swift */ = {isa = PBXFileReference; lastKnownFileType = sourcecode.swift; path = ModelTests.swift; sourceTree = "<group>"; };
		8E39214E1EB1E6FA00277701 /* Info.plist */ = {isa = PBXFileReference; lastKnownFileType = text.plist.xml; path = Info.plist; sourceTree = "<group>"; };
		8E39215A1EB2033800277701 /* Data.json */ = {isa = PBXFileReference; fileEncoding = 4; lastKnownFileType = text.json; path = Data.json; sourceTree = "<group>"; };
		8E39215C1EB2033800277701 /* README.md */ = {isa = PBXFileReference; fileEncoding = 4; lastKnownFileType = net.daringfireball.markdown; path = README.md; sourceTree = "<group>"; };
		8E39215D1EB2033800277701 /* README.md */ = {isa = PBXFileReference; fileEncoding = 4; lastKnownFileType = net.daringfireball.markdown; path = README.md; sourceTree = "<group>"; };
		8E3921631EB203C100277701 /* ApplicationData.swift */ = {isa = PBXFileReference; fileEncoding = 4; lastKnownFileType = sourcecode.swift; path = ApplicationData.swift; sourceTree = "<group>"; };
		8E3921651EB2071C00277701 /* JSONParsing.swift */ = {isa = PBXFileReference; fileEncoding = 4; lastKnownFileType = sourcecode.swift; path = JSONParsing.swift; sourceTree = "<group>"; };
		8E3921671EB227CF00277701 /* Networking.swift */ = {isa = PBXFileReference; fileEncoding = 4; lastKnownFileType = sourcecode.swift; path = Networking.swift; sourceTree = "<group>"; };
		8E585A381EBDC2AD0006342E /* InfoViewController.swift */ = {isa = PBXFileReference; fileEncoding = 4; lastKnownFileType = sourcecode.swift; path = InfoViewController.swift; sourceTree = "<group>"; };
		8E6DC8D31EB2382500E8C1CA /* Pulley.xcodeproj */ = {isa = PBXFileReference; lastKnownFileType = "wrapper.pb-project"; name = Pulley.xcodeproj; path = Carthage/Checkouts/Pulley/Pulley.xcodeproj; sourceTree = "<group>"; };
		8E8904DC1EBF5D8C0049EF7A /* CarLicenseViewController.swift */ = {isa = PBXFileReference; fileEncoding = 4; lastKnownFileType = sourcecode.swift; path = CarLicenseViewController.swift; sourceTree = "<group>"; };
		8E8904E01EBF5E690049EF7A /* en */ = {isa = PBXFileReference; lastKnownFileType = text.plist.strings; name = en; path = en.lproj/Main.strings; sourceTree = "<group>"; };
		8EA9E0F51EB4AFCC007D1BA7 /* RoundedButton.swift */ = {isa = PBXFileReference; fileEncoding = 4; lastKnownFileType = sourcecode.swift; path = RoundedButton.swift; sourceTree = "<group>"; };
		8EA9E0F81EB4C3F6007D1BA7 /* Localizable.strings */ = {isa = PBXFileReference; fileEncoding = 4; lastKnownFileType = text.plist.strings; path = Localizable.strings; sourceTree = "<group>"; };
		8EA9E0FA1EB4C43D007D1BA7 /* FoundationExtensions.swift */ = {isa = PBXFileReference; fileEncoding = 4; lastKnownFileType = sourcecode.swift; path = FoundationExtensions.swift; sourceTree = "<group>"; };
		8EA9E0FC1EB5FD4E007D1BA7 /* ModelExtensions.swift */ = {isa = PBXFileReference; fileEncoding = 4; lastKnownFileType = sourcecode.swift; path = ModelExtensions.swift; sourceTree = "<group>"; };
		8ED7E81B1EB1BCED00F13023 /* Pargi.app */ = {isa = PBXFileReference; explicitFileType = wrapper.application; includeInIndex = 0; path = Pargi.app; sourceTree = BUILT_PRODUCTS_DIR; };
		8ED7E81E1EB1BCED00F13023 /* AppDelegate.swift */ = {isa = PBXFileReference; lastKnownFileType = sourcecode.swift; path = AppDelegate.swift; sourceTree = "<group>"; };
		8ED7E8201EB1BCED00F13023 /* MapViewController.swift */ = {isa = PBXFileReference; lastKnownFileType = sourcecode.swift; path = MapViewController.swift; sourceTree = "<group>"; };
		8ED7E8231EB1BCED00F13023 /* Base */ = {isa = PBXFileReference; lastKnownFileType = file.storyboard; name = Base; path = Base.lproj/Main.storyboard; sourceTree = "<group>"; };
		8ED7E8251EB1BCED00F13023 /* Assets.xcassets */ = {isa = PBXFileReference; lastKnownFileType = folder.assetcatalog; path = Assets.xcassets; sourceTree = "<group>"; };
		8ED7E8281EB1BCED00F13023 /* Base */ = {isa = PBXFileReference; lastKnownFileType = file.storyboard; name = Base; path = Base.lproj/LaunchScreen.storyboard; sourceTree = "<group>"; };
		8ED7E82A1EB1BCED00F13023 /* Info.plist */ = {isa = PBXFileReference; lastKnownFileType = text.plist.xml; path = Info.plist; sourceTree = "<group>"; };
/* End PBXFileReference section */

/* Begin PBXFrameworksBuildPhase section */
		8E3921471EB1E6FA00277701 /* Frameworks */ = {
			isa = PBXFrameworksBuildPhase;
			buildActionMask = 2147483647;
			files = (
				8E3921541EB1E70D00277701 /* Cereal.framework in Frameworks */,
			);
			runOnlyForDeploymentPostprocessing = 0;
		};
		8ED7E8181EB1BCED00F13023 /* Frameworks */ = {
			isa = PBXFrameworksBuildPhase;
			buildActionMask = 2147483647;
			files = (
				8E39213C1EB1C24500277701 /* Cereal.framework in Frameworks */,
				8E2909201EB2340C00CBE4F7 /* Pulley.framework in Frameworks */,
			);
			runOnlyForDeploymentPostprocessing = 0;
		};
/* End PBXFrameworksBuildPhase section */

/* Begin PBXGroup section */
		8E2D42B01EB2502E00F286CF /* UI */ = {
			isa = PBXGroup;
			children = (
				8E2D42B11EB2503800F286CF /* MapKitExtensions.swift */,
				8E2D42B31EB269D400F286CF /* UIKitExtensions.swift */,
				8E2D42B61EB274BF00F286CF /* AnnotationView.swift */,
				8EA9E0F51EB4AFCC007D1BA7 /* RoundedButton.swift */,
				8EA9E0FA1EB4C43D007D1BA7 /* FoundationExtensions.swift */,
				8EA9E0FC1EB5FD4E007D1BA7 /* ModelExtensions.swift */,
			);
			path = UI;
			sourceTree = "<group>";
		};
		8E3921371EB1C0DF00277701 /* Model */ = {
			isa = PBXGroup;
			children = (
				8E39213E1EB1C44200277701 /* Database.swift */,
				8E3921401EB1CADA00277701 /* Provider.swift */,
				8E3921421EB1CC7900277701 /* Zone.swift */,
				8E3921441EB1E3BA00277701 /* ZoneGroup.swift */,
			);
			path = Model;
			sourceTree = "<group>";
		};
		8E39213A1EB1C24500277701 /* Frameworks */ = {
			isa = PBXGroup;
			children = (
				8E6DC8D31EB2382500E8C1CA /* Pulley.xcodeproj */,
				8E29091F1EB2340C00CBE4F7 /* Pulley.framework */,
				8E39213B1EB1C24500277701 /* Cereal.framework */,
			);
			name = Frameworks;
			sourceTree = "<group>";
		};
		8E39214B1EB1E6FA00277701 /* PargiTests */ = {
			isa = PBXGroup;
			children = (
				8E39214C1EB1E6FA00277701 /* ModelTests.swift */,
				8E39214E1EB1E6FA00277701 /* Info.plist */,
			);
			path = PargiTests;
			sourceTree = "<group>";
		};
		8E3921591EB2033800277701 /* Data */ = {
			isa = PBXGroup;
			children = (
				8E39215A1EB2033800277701 /* Data.json */,
				8E39215B1EB2033800277701 /* docs */,
				8E39215D1EB2033800277701 /* README.md */,
			);
			path = Data;
			sourceTree = "<group>";
		};
		8E39215B1EB2033800277701 /* docs */ = {
			isa = PBXGroup;
			children = (
				8E39215C1EB2033800277701 /* README.md */,
			);
			path = docs;
			sourceTree = "<group>";
		};
		8E3921621EB203B200277701 /* Data */ = {
			isa = PBXGroup;
			children = (
				8E3921631EB203C100277701 /* ApplicationData.swift */,
				8E3921651EB2071C00277701 /* JSONParsing.swift */,
				8E3921671EB227CF00277701 /* Networking.swift */,
			);
			path = Data;
			sourceTree = "<group>";
		};
		8E6DC8D41EB2382500E8C1CA /* Products */ = {
			isa = PBXGroup;
			children = (
				8E6DC8D91EB2382500E8C1CA /* Pulley.framework */,
				8E6DC8DB1EB2382500E8C1CA /* PulleyDemo.app */,
			);
			name = Products;
			sourceTree = "<group>";
		};
		8ED7E8121EB1BCED00F13023 = {
			isa = PBXGroup;
			children = (
				8ED7E81D1EB1BCED00F13023 /* Pargi */,
				8E39214B1EB1E6FA00277701 /* PargiTests */,
				8ED7E81C1EB1BCED00F13023 /* Products */,
				8E3921591EB2033800277701 /* Data */,
				8E3921381EB1C13400277701 /* Cartfile */,
				8E39213A1EB1C24500277701 /* Frameworks */,
			);
			sourceTree = "<group>";
		};
		8ED7E81C1EB1BCED00F13023 /* Products */ = {
			isa = PBXGroup;
			children = (
				8ED7E81B1EB1BCED00F13023 /* Pargi.app */,
				8E39214A1EB1E6FA00277701 /* PargiTests.xctest */,
			);
			name = Products;
			sourceTree = "<group>";
		};
		8ED7E81D1EB1BCED00F13023 /* Pargi */ = {
			isa = PBXGroup;
			children = (
				8ED7E81E1EB1BCED00F13023 /* AppDelegate.swift */,
				8E2D42AE1EB24F7200F286CF /* MainViewController.swift */,
				8ED7E8201EB1BCED00F13023 /* MapViewController.swift */,
				8E2D42AC1EB23CEF00F286CF /* DetailViewController.swift */,
				8E585A381EBDC2AD0006342E /* InfoViewController.swift */,
				8E8904DC1EBF5D8C0049EF7A /* CarLicenseViewController.swift */,
				8ED7E8221EB1BCED00F13023 /* Main.storyboard */,
				8EA9E0F81EB4C3F6007D1BA7 /* Localizable.strings */,
				8ED7E8251EB1BCED00F13023 /* Assets.xcassets */,
				8ED7E8271EB1BCED00F13023 /* LaunchScreen.storyboard */,
				8ED7E82A1EB1BCED00F13023 /* Info.plist */,
				8E2D42B01EB2502E00F286CF /* UI */,
				8E3921621EB203B200277701 /* Data */,
				8E3921371EB1C0DF00277701 /* Model */,
			);
			path = Pargi;
			sourceTree = "<group>";
		};
/* End PBXGroup section */

/* Begin PBXNativeTarget section */
		8E3921491EB1E6FA00277701 /* PargiTests */ = {
			isa = PBXNativeTarget;
			buildConfigurationList = 8E3921511EB1E6FA00277701 /* Build configuration list for PBXNativeTarget "PargiTests" */;
			buildPhases = (
				8E3921461EB1E6FA00277701 /* Sources */,
				8E3921471EB1E6FA00277701 /* Frameworks */,
				8E3921481EB1E6FA00277701 /* Resources */,
			);
			buildRules = (
			);
			dependencies = (
				8E3921501EB1E6FA00277701 /* PBXTargetDependency */,
			);
			name = PargiTests;
			productName = PargiTests;
			productReference = 8E39214A1EB1E6FA00277701 /* PargiTests.xctest */;
			productType = "com.apple.product-type.bundle.unit-test";
		};
		8ED7E81A1EB1BCED00F13023 /* Pargi */ = {
			isa = PBXNativeTarget;
			buildConfigurationList = 8ED7E82D1EB1BCED00F13023 /* Build configuration list for PBXNativeTarget "Pargi" */;
			buildPhases = (
				8ED7E8171EB1BCED00F13023 /* Sources */,
				8ED7E8181EB1BCED00F13023 /* Frameworks */,
				8ED7E8191EB1BCED00F13023 /* Resources */,
				8E39213D1EB1C25B00277701 /* ShellScript */,
			);
			buildRules = (
			);
			dependencies = (
				8E6DC8DD1EB2382D00E8C1CA /* PBXTargetDependency */,
			);
			name = Pargi;
			productName = Pargi;
			productReference = 8ED7E81B1EB1BCED00F13023 /* Pargi.app */;
			productType = "com.apple.product-type.application";
		};
/* End PBXNativeTarget section */

/* Begin PBXProject section */
		8ED7E8131EB1BCED00F13023 /* Project object */ = {
			isa = PBXProject;
			attributes = {
				LastSwiftUpdateCheck = 0830;
				LastUpgradeCheck = 0830;
				ORGANIZATIONNAME = "Henri Normak";
				TargetAttributes = {
					8E3921491EB1E6FA00277701 = {
						CreatedOnToolsVersion = 8.3.2;
						DevelopmentTeam = M95U3P5YY5;
						ProvisioningStyle = Automatic;
						TestTargetID = 8ED7E81A1EB1BCED00F13023;
					};
					8ED7E81A1EB1BCED00F13023 = {
						CreatedOnToolsVersion = 8.3.2;
						DevelopmentTeam = M95U3P5YY5;
						ProvisioningStyle = Manual;
					};
				};
			};
			buildConfigurationList = 8ED7E8161EB1BCED00F13023 /* Build configuration list for PBXProject "Pargi" */;
			compatibilityVersion = "Xcode 3.2";
			developmentRegion = English;
			hasScannedForEncodings = 0;
			knownRegions = (
				en,
				Base,
			);
			mainGroup = 8ED7E8121EB1BCED00F13023;
			productRefGroup = 8ED7E81C1EB1BCED00F13023 /* Products */;
			projectDirPath = "";
			projectReferences = (
				{
					ProductGroup = 8E6DC8D41EB2382500E8C1CA /* Products */;
					ProjectRef = 8E6DC8D31EB2382500E8C1CA /* Pulley.xcodeproj */;
				},
			);
			projectRoot = "";
			targets = (
				8ED7E81A1EB1BCED00F13023 /* Pargi */,
				8E3921491EB1E6FA00277701 /* PargiTests */,
			);
		};
/* End PBXProject section */

/* Begin PBXReferenceProxy section */
		8E6DC8D91EB2382500E8C1CA /* Pulley.framework */ = {
			isa = PBXReferenceProxy;
			fileType = wrapper.framework;
			path = Pulley.framework;
			remoteRef = 8E6DC8D81EB2382500E8C1CA /* PBXContainerItemProxy */;
			sourceTree = BUILT_PRODUCTS_DIR;
		};
		8E6DC8DB1EB2382500E8C1CA /* PulleyDemo.app */ = {
			isa = PBXReferenceProxy;
			fileType = wrapper.application;
			path = PulleyDemo.app;
			remoteRef = 8E6DC8DA1EB2382500E8C1CA /* PBXContainerItemProxy */;
			sourceTree = BUILT_PRODUCTS_DIR;
		};
/* End PBXReferenceProxy section */

/* Begin PBXResourcesBuildPhase section */
		8E3921481EB1E6FA00277701 /* Resources */ = {
			isa = PBXResourcesBuildPhase;
			buildActionMask = 2147483647;
			files = (
			);
			runOnlyForDeploymentPostprocessing = 0;
		};
		8ED7E8191EB1BCED00F13023 /* Resources */ = {
			isa = PBXResourcesBuildPhase;
			buildActionMask = 2147483647;
			files = (
				8EA9E0F91EB4C3F6007D1BA7 /* Localizable.strings in Resources */,
				8E39215E1EB2033800277701 /* Data.json in Resources */,
				8ED7E8291EB1BCED00F13023 /* LaunchScreen.storyboard in Resources */,
				8ED7E8261EB1BCED00F13023 /* Assets.xcassets in Resources */,
				8ED7E8241EB1BCED00F13023 /* Main.storyboard in Resources */,
			);
			runOnlyForDeploymentPostprocessing = 0;
		};
/* End PBXResourcesBuildPhase section */

/* Begin PBXShellScriptBuildPhase section */
		8E39213D1EB1C25B00277701 /* ShellScript */ = {
			isa = PBXShellScriptBuildPhase;
			buildActionMask = 2147483647;
			files = (
			);
			inputPaths = (
				"$(SRCROOT)/Carthage/Build/iOS/Cereal.framework",
				"$(SRCROOT)/Carthage/Build/iOS/Pulley.framework",
			);
			outputPaths = (
			);
			runOnlyForDeploymentPostprocessing = 0;
			shellPath = /bin/sh;
			shellScript = "/usr/local/bin/carthage copy-frameworks";
		};
/* End PBXShellScriptBuildPhase section */

/* Begin PBXSourcesBuildPhase section */
		8E3921461EB1E6FA00277701 /* Sources */ = {
			isa = PBXSourcesBuildPhase;
			buildActionMask = 2147483647;
			files = (
				8E3921551EB1E7CF00277701 /* Database.swift in Sources */,
				8E3921571EB1E7D500277701 /* Zone.swift in Sources */,
				8E2D42B51EB26F4300F286CF /* UIKitExtensions.swift in Sources */,
				8E3921561EB1E7D200277701 /* Provider.swift in Sources */,
				8E3921581EB1E7D700277701 /* ZoneGroup.swift in Sources */,
				8E39214D1EB1E6FA00277701 /* ModelTests.swift in Sources */,
			);
			runOnlyForDeploymentPostprocessing = 0;
		};
		8ED7E8171EB1BCED00F13023 /* Sources */ = {
			isa = PBXSourcesBuildPhase;
			buildActionMask = 2147483647;
			files = (
				8E3921411EB1CADA00277701 /* Provider.swift in Sources */,
				8EA9E0F61EB4AFCC007D1BA7 /* RoundedButton.swift in Sources */,
				8E2D42AF1EB24F7200F286CF /* MainViewController.swift in Sources */,
				8E3921681EB227CF00277701 /* Networking.swift in Sources */,
				8E585A391EBDC2AD0006342E /* InfoViewController.swift in Sources */,
				8E2D42B71EB274BF00F286CF /* AnnotationView.swift in Sources */,
				8EA9E0FD1EB5FD4E007D1BA7 /* ModelExtensions.swift in Sources */,
				8E39213F1EB1C44200277701 /* Database.swift in Sources */,
				8E3921431EB1CC7900277701 /* Zone.swift in Sources */,
				8E3921641EB203C100277701 /* ApplicationData.swift in Sources */,
				8ED7E8211EB1BCED00F13023 /* MapViewController.swift in Sources */,
				8E3921661EB2071C00277701 /* JSONParsing.swift in Sources */,
				8E8904DD1EBF5D8C0049EF7A /* CarLicenseViewController.swift in Sources */,
				8E2D42B41EB269D400F286CF /* UIKitExtensions.swift in Sources */,
				8E2D42AD1EB23CEF00F286CF /* DetailViewController.swift in Sources */,
				8EA9E0FB1EB4C43D007D1BA7 /* FoundationExtensions.swift in Sources */,
				8ED7E81F1EB1BCED00F13023 /* AppDelegate.swift in Sources */,
				8E3921451EB1E3BA00277701 /* ZoneGroup.swift in Sources */,
				8E2D42B21EB2503800F286CF /* MapKitExtensions.swift in Sources */,
			);
			runOnlyForDeploymentPostprocessing = 0;
		};
/* End PBXSourcesBuildPhase section */

/* Begin PBXTargetDependency section */
		8E3921501EB1E6FA00277701 /* PBXTargetDependency */ = {
			isa = PBXTargetDependency;
			target = 8ED7E81A1EB1BCED00F13023 /* Pargi */;
			targetProxy = 8E39214F1EB1E6FA00277701 /* PBXContainerItemProxy */;
		};
		8E6DC8DD1EB2382D00E8C1CA /* PBXTargetDependency */ = {
			isa = PBXTargetDependency;
			name = Pulley;
			targetProxy = 8E6DC8DC1EB2382D00E8C1CA /* PBXContainerItemProxy */;
		};
/* End PBXTargetDependency section */

/* Begin PBXVariantGroup section */
		8ED7E8221EB1BCED00F13023 /* Main.storyboard */ = {
			isa = PBXVariantGroup;
			children = (
				8ED7E8231EB1BCED00F13023 /* Base */,
				8E8904E01EBF5E690049EF7A /* en */,
			);
			name = Main.storyboard;
			sourceTree = "<group>";
		};
		8ED7E8271EB1BCED00F13023 /* LaunchScreen.storyboard */ = {
			isa = PBXVariantGroup;
			children = (
				8ED7E8281EB1BCED00F13023 /* Base */,
			);
			name = LaunchScreen.storyboard;
			sourceTree = "<group>";
		};
/* End PBXVariantGroup section */

/* Begin XCBuildConfiguration section */
		8E3921521EB1E6FA00277701 /* Debug */ = {
			isa = XCBuildConfiguration;
			buildSettings = {
				BUNDLE_LOADER = "$(TEST_HOST)";
				DEVELOPMENT_TEAM = M95U3P5YY5;
				FRAMEWORK_SEARCH_PATHS = (
					"$(inherited)",
					"$(PROJECT_DIR)/Carthage/Build/iOS",
				);
				INFOPLIST_FILE = PargiTests/Info.plist;
				LD_RUNPATH_SEARCH_PATHS = "$(inherited) @executable_path/Frameworks @loader_path/Frameworks";
				PRODUCT_BUNDLE_IDENTIFIER = hnormak.PargiTests;
				PRODUCT_NAME = "$(TARGET_NAME)";
				SWIFT_VERSION = 3.0;
				TEST_HOST = "$(BUILT_PRODUCTS_DIR)/Pargi.app/Pargi";
			};
			name = Debug;
		};
		8E3921531EB1E6FA00277701 /* Release */ = {
			isa = XCBuildConfiguration;
			buildSettings = {
				BUNDLE_LOADER = "$(TEST_HOST)";
				DEVELOPMENT_TEAM = M95U3P5YY5;
				FRAMEWORK_SEARCH_PATHS = (
					"$(inherited)",
					"$(PROJECT_DIR)/Carthage/Build/iOS",
				);
				INFOPLIST_FILE = PargiTests/Info.plist;
				LD_RUNPATH_SEARCH_PATHS = "$(inherited) @executable_path/Frameworks @loader_path/Frameworks";
				PRODUCT_BUNDLE_IDENTIFIER = hnormak.PargiTests;
				PRODUCT_NAME = "$(TARGET_NAME)";
				SWIFT_VERSION = 3.0;
				TEST_HOST = "$(BUILT_PRODUCTS_DIR)/Pargi.app/Pargi";
			};
			name = Release;
		};
		8ED7E82B1EB1BCED00F13023 /* Debug */ = {
			isa = XCBuildConfiguration;
			buildSettings = {
				ALWAYS_SEARCH_USER_PATHS = NO;
				CLANG_ANALYZER_NONNULL = YES;
				CLANG_ANALYZER_NUMBER_OBJECT_CONVERSION = YES_AGGRESSIVE;
				CLANG_CXX_LANGUAGE_STANDARD = "gnu++0x";
				CLANG_CXX_LIBRARY = "libc++";
				CLANG_ENABLE_MODULES = YES;
				CLANG_ENABLE_OBJC_ARC = YES;
				CLANG_WARN_BOOL_CONVERSION = YES;
				CLANG_WARN_CONSTANT_CONVERSION = YES;
				CLANG_WARN_DIRECT_OBJC_ISA_USAGE = YES_ERROR;
				CLANG_WARN_DOCUMENTATION_COMMENTS = YES;
				CLANG_WARN_EMPTY_BODY = YES;
				CLANG_WARN_ENUM_CONVERSION = YES;
				CLANG_WARN_INFINITE_RECURSION = YES;
				CLANG_WARN_INT_CONVERSION = YES;
				CLANG_WARN_OBJC_ROOT_CLASS = YES_ERROR;
				CLANG_WARN_SUSPICIOUS_MOVE = YES;
				CLANG_WARN_UNREACHABLE_CODE = YES;
				CLANG_WARN__DUPLICATE_METHOD_MATCH = YES;
				"CODE_SIGN_IDENTITY[sdk=iphoneos*]" = "iPhone Developer";
				COPY_PHASE_STRIP = NO;
				DEBUG_INFORMATION_FORMAT = dwarf;
				ENABLE_STRICT_OBJC_MSGSEND = YES;
				ENABLE_TESTABILITY = YES;
				GCC_C_LANGUAGE_STANDARD = gnu99;
				GCC_DYNAMIC_NO_PIC = NO;
				GCC_NO_COMMON_BLOCKS = YES;
				GCC_OPTIMIZATION_LEVEL = 0;
				GCC_PREPROCESSOR_DEFINITIONS = (
					"DEBUG=1",
					"$(inherited)",
				);
				GCC_WARN_64_TO_32_BIT_CONVERSION = YES;
				GCC_WARN_ABOUT_RETURN_TYPE = YES_ERROR;
				GCC_WARN_UNDECLARED_SELECTOR = YES;
				GCC_WARN_UNINITIALIZED_AUTOS = YES_AGGRESSIVE;
				GCC_WARN_UNUSED_FUNCTION = YES;
				GCC_WARN_UNUSED_VARIABLE = YES;
				IPHONEOS_DEPLOYMENT_TARGET = 10.3;
				MTL_ENABLE_DEBUG_INFO = YES;
				ONLY_ACTIVE_ARCH = YES;
				SDKROOT = iphoneos;
				SWIFT_ACTIVE_COMPILATION_CONDITIONS = DEBUG;
				SWIFT_OPTIMIZATION_LEVEL = "-Onone";
			};
			name = Debug;
		};
		8ED7E82C1EB1BCED00F13023 /* Release */ = {
			isa = XCBuildConfiguration;
			buildSettings = {
				ALWAYS_SEARCH_USER_PATHS = NO;
				CLANG_ANALYZER_NONNULL = YES;
				CLANG_ANALYZER_NUMBER_OBJECT_CONVERSION = YES_AGGRESSIVE;
				CLANG_CXX_LANGUAGE_STANDARD = "gnu++0x";
				CLANG_CXX_LIBRARY = "libc++";
				CLANG_ENABLE_MODULES = YES;
				CLANG_ENABLE_OBJC_ARC = YES;
				CLANG_WARN_BOOL_CONVERSION = YES;
				CLANG_WARN_CONSTANT_CONVERSION = YES;
				CLANG_WARN_DIRECT_OBJC_ISA_USAGE = YES_ERROR;
				CLANG_WARN_DOCUMENTATION_COMMENTS = YES;
				CLANG_WARN_EMPTY_BODY = YES;
				CLANG_WARN_ENUM_CONVERSION = YES;
				CLANG_WARN_INFINITE_RECURSION = YES;
				CLANG_WARN_INT_CONVERSION = YES;
				CLANG_WARN_OBJC_ROOT_CLASS = YES_ERROR;
				CLANG_WARN_SUSPICIOUS_MOVE = YES;
				CLANG_WARN_UNREACHABLE_CODE = YES;
				CLANG_WARN__DUPLICATE_METHOD_MATCH = YES;
				"CODE_SIGN_IDENTITY[sdk=iphoneos*]" = "iPhone Developer";
				COPY_PHASE_STRIP = NO;
				DEBUG_INFORMATION_FORMAT = "dwarf-with-dsym";
				ENABLE_NS_ASSERTIONS = NO;
				ENABLE_STRICT_OBJC_MSGSEND = YES;
				GCC_C_LANGUAGE_STANDARD = gnu99;
				GCC_NO_COMMON_BLOCKS = YES;
				GCC_WARN_64_TO_32_BIT_CONVERSION = YES;
				GCC_WARN_ABOUT_RETURN_TYPE = YES_ERROR;
				GCC_WARN_UNDECLARED_SELECTOR = YES;
				GCC_WARN_UNINITIALIZED_AUTOS = YES_AGGRESSIVE;
				GCC_WARN_UNUSED_FUNCTION = YES;
				GCC_WARN_UNUSED_VARIABLE = YES;
				IPHONEOS_DEPLOYMENT_TARGET = 10.3;
				MTL_ENABLE_DEBUG_INFO = NO;
				SDKROOT = iphoneos;
				SWIFT_OPTIMIZATION_LEVEL = "-Owholemodule";
				VALIDATE_PRODUCT = YES;
			};
			name = Release;
		};
		8ED7E82E1EB1BCED00F13023 /* Debug */ = {
			isa = XCBuildConfiguration;
			buildSettings = {
				ASSETCATALOG_COMPILER_APPICON_NAME = AppIcon;
				"CODE_SIGN_IDENTITY[sdk=iphoneos*]" = "iPhone Developer";
				DEVELOPMENT_TEAM = M95U3P5YY5;
				FRAMEWORK_SEARCH_PATHS = (
					"$(inherited)",
					"$(PROJECT_DIR)/Carthage/Build/iOS",
				);
				INFOPLIST_FILE = Pargi/Info.plist;
				LD_RUNPATH_SEARCH_PATHS = "$(inherited) @executable_path/Frameworks";
				PRODUCT_BUNDLE_IDENTIFIER = bloop.hnormak.pargi;
				PRODUCT_NAME = "$(TARGET_NAME)";
				PROVISIONING_PROFILE = "a0c5453c-de64-4d1a-a94d-30ffc9702b16";
				PROVISIONING_PROFILE_SPECIFIER = Wildcard;
				SWIFT_VERSION = 3.0;
			};
			name = Debug;
		};
		8ED7E82F1EB1BCED00F13023 /* Release */ = {
			isa = XCBuildConfiguration;
			buildSettings = {
				ASSETCATALOG_COMPILER_APPICON_NAME = AppIcon;
				"CODE_SIGN_IDENTITY[sdk=iphoneos*]" = "iPhone Developer";
				DEVELOPMENT_TEAM = M95U3P5YY5;
				FRAMEWORK_SEARCH_PATHS = (
					"$(inherited)",
					"$(PROJECT_DIR)/Carthage/Build/iOS",
				);
				INFOPLIST_FILE = Pargi/Info.plist;
				LD_RUNPATH_SEARCH_PATHS = "$(inherited) @executable_path/Frameworks";
				PRODUCT_BUNDLE_IDENTIFIER = bloop.hnormak.pargi;
				PRODUCT_NAME = "$(TARGET_NAME)";
				PROVISIONING_PROFILE = "a0c5453c-de64-4d1a-a94d-30ffc9702b16";
				PROVISIONING_PROFILE_SPECIFIER = Wildcard;
				SWIFT_VERSION = 3.0;
			};
			name = Release;
		};
/* End XCBuildConfiguration section */

/* Begin XCConfigurationList section */
		8E3921511EB1E6FA00277701 /* Build configuration list for PBXNativeTarget "PargiTests" */ = {
			isa = XCConfigurationList;
			buildConfigurations = (
				8E3921521EB1E6FA00277701 /* Debug */,
				8E3921531EB1E6FA00277701 /* Release */,
			);
			defaultConfigurationIsVisible = 0;
			defaultConfigurationName = Release;
		};
		8ED7E8161EB1BCED00F13023 /* Build configuration list for PBXProject "Pargi" */ = {
			isa = XCConfigurationList;
			buildConfigurations = (
				8ED7E82B1EB1BCED00F13023 /* Debug */,
				8ED7E82C1EB1BCED00F13023 /* Release */,
			);
			defaultConfigurationIsVisible = 0;
			defaultConfigurationName = Release;
		};
		8ED7E82D1EB1BCED00F13023 /* Build configuration list for PBXNativeTarget "Pargi" */ = {
			isa = XCConfigurationList;
			buildConfigurations = (
				8ED7E82E1EB1BCED00F13023 /* Debug */,
				8ED7E82F1EB1BCED00F13023 /* Release */,
			);
			defaultConfigurationIsVisible = 0;
			defaultConfigurationName = Release;
		};
/* End XCConfigurationList section */
	};
	rootObject = 8ED7E8131EB1BCED00F13023 /* Project object */;
}
