// !$*UTF8*$!
{
	archiveVersion = 1;
	classes = {
	};
	objectVersion = 46;
	objects = {

/* Begin PBXBuildFile section */
		8E3921391EB1C13400277701 /* Cartfile in Resources */ = {isa = PBXBuildFile; fileRef = 8E3921381EB1C13400277701 /* Cartfile */; };
		8E39213C1EB1C24500277701 /* Cereal.framework in Frameworks */ = {isa = PBXBuildFile; fileRef = 8E39213B1EB1C24500277701 /* Cereal.framework */; };
		8ED7E81F1EB1BCED00F13023 /* AppDelegate.swift in Sources */ = {isa = PBXBuildFile; fileRef = 8ED7E81E1EB1BCED00F13023 /* AppDelegate.swift */; };
		8ED7E8211EB1BCED00F13023 /* ViewController.swift in Sources */ = {isa = PBXBuildFile; fileRef = 8ED7E8201EB1BCED00F13023 /* ViewController.swift */; };
		8ED7E8241EB1BCED00F13023 /* Main.storyboard in Resources */ = {isa = PBXBuildFile; fileRef = 8ED7E8221EB1BCED00F13023 /* Main.storyboard */; };
		8ED7E8261EB1BCED00F13023 /* Assets.xcassets in Resources */ = {isa = PBXBuildFile; fileRef = 8ED7E8251EB1BCED00F13023 /* Assets.xcassets */; };
		8ED7E8291EB1BCED00F13023 /* LaunchScreen.storyboard in Resources */ = {isa = PBXBuildFile; fileRef = 8ED7E8271EB1BCED00F13023 /* LaunchScreen.storyboard */; };
/* End PBXBuildFile section */

/* Begin PBXFileReference section */
		8E3921381EB1C13400277701 /* Cartfile */ = {isa = PBXFileReference; fileEncoding = 4; lastKnownFileType = text; path = Cartfile; sourceTree = "<group>"; };
		8E39213B1EB1C24500277701 /* Cereal.framework */ = {isa = PBXFileReference; lastKnownFileType = wrapper.framework; name = Cereal.framework; path = Carthage/Build/iOS/Cereal.framework; sourceTree = "<group>"; };
		8ED7E81B1EB1BCED00F13023 /* Pargi.app */ = {isa = PBXFileReference; explicitFileType = wrapper.application; includeInIndex = 0; path = Pargi.app; sourceTree = BUILT_PRODUCTS_DIR; };
		8ED7E81E1EB1BCED00F13023 /* AppDelegate.swift */ = {isa = PBXFileReference; lastKnownFileType = sourcecode.swift; path = AppDelegate.swift; sourceTree = "<group>"; };
		8ED7E8201EB1BCED00F13023 /* ViewController.swift */ = {isa = PBXFileReference; lastKnownFileType = sourcecode.swift; path = ViewController.swift; sourceTree = "<group>"; };
		8ED7E8231EB1BCED00F13023 /* Base */ = {isa = PBXFileReference; lastKnownFileType = file.storyboard; name = Base; path = Base.lproj/Main.storyboard; sourceTree = "<group>"; };
		8ED7E8251EB1BCED00F13023 /* Assets.xcassets */ = {isa = PBXFileReference; lastKnownFileType = folder.assetcatalog; path = Assets.xcassets; sourceTree = "<group>"; };
		8ED7E8281EB1BCED00F13023 /* Base */ = {isa = PBXFileReference; lastKnownFileType = file.storyboard; name = Base; path = Base.lproj/LaunchScreen.storyboard; sourceTree = "<group>"; };
		8ED7E82A1EB1BCED00F13023 /* Info.plist */ = {isa = PBXFileReference; lastKnownFileType = text.plist.xml; path = Info.plist; sourceTree = "<group>"; };
/* End PBXFileReference section */

/* Begin PBXFrameworksBuildPhase section */
		8ED7E8181EB1BCED00F13023 /* Frameworks */ = {
			isa = PBXFrameworksBuildPhase;
			buildActionMask = 2147483647;
			files = (
				8E39213C1EB1C24500277701 /* Cereal.framework in Frameworks */,
			);
			runOnlyForDeploymentPostprocessing = 0;
		};
/* End PBXFrameworksBuildPhase section */

/* Begin PBXGroup section */
		8E3921371EB1C0DF00277701 /* Model */ = {
			isa = PBXGroup;
			children = (
			);
			path = Model;
			sourceTree = "<group>";
		};
		8E39213A1EB1C24500277701 /* Frameworks */ = {
			isa = PBXGroup;
			children = (
				8E39213B1EB1C24500277701 /* Cereal.framework */,
			);
			name = Frameworks;
			sourceTree = "<group>";
		};
		8ED7E8121EB1BCED00F13023 = {
			isa = PBXGroup;
			children = (
				8ED7E81D1EB1BCED00F13023 /* Pargi */,
				8ED7E81C1EB1BCED00F13023 /* Products */,
				8E3921381EB1C13400277701 /* Cartfile */,
				8E39213A1EB1C24500277701 /* Frameworks */,
			);
			sourceTree = "<group>";
		};
		8ED7E81C1EB1BCED00F13023 /* Products */ = {
			isa = PBXGroup;
			children = (
				8ED7E81B1EB1BCED00F13023 /* Pargi.app */,
			);
			name = Products;
			sourceTree = "<group>";
		};
		8ED7E81D1EB1BCED00F13023 /* Pargi */ = {
			isa = PBXGroup;
			children = (
				8ED7E81E1EB1BCED00F13023 /* AppDelegate.swift */,
				8ED7E8201EB1BCED00F13023 /* ViewController.swift */,
				8ED7E8221EB1BCED00F13023 /* Main.storyboard */,
				8ED7E8251EB1BCED00F13023 /* Assets.xcassets */,
				8ED7E8271EB1BCED00F13023 /* LaunchScreen.storyboard */,
				8ED7E82A1EB1BCED00F13023 /* Info.plist */,
				8E3921371EB1C0DF00277701 /* Model */,
			);
			path = Pargi;
			sourceTree = "<group>";
		};
/* End PBXGroup section */

/* Begin PBXNativeTarget section */
		8ED7E81A1EB1BCED00F13023 /* Pargi */ = {
			isa = PBXNativeTarget;
			buildConfigurationList = 8ED7E82D1EB1BCED00F13023 /* Build configuration list for PBXNativeTarget "Pargi" */;
			buildPhases = (
				8ED7E8171EB1BCED00F13023 /* Sources */,
				8ED7E8181EB1BCED00F13023 /* Frameworks */,
				8ED7E8191EB1BCED00F13023 /* Resources */,
				8E39213D1EB1C25B00277701 /* ShellScript */,
			);
			buildRules = (
			);
			dependencies = (
			);
			name = Pargi;
			productName = Pargi;
			productReference = 8ED7E81B1EB1BCED00F13023 /* Pargi.app */;
			productType = "com.apple.product-type.application";
		};
/* End PBXNativeTarget section */

/* Begin PBXProject section */
		8ED7E8131EB1BCED00F13023 /* Project object */ = {
			isa = PBXProject;
			attributes = {
				LastSwiftUpdateCheck = 0830;
				LastUpgradeCheck = 0830;
				ORGANIZATIONNAME = "Henri Normak";
				TargetAttributes = {
					8ED7E81A1EB1BCED00F13023 = {
						CreatedOnToolsVersion = 8.3.2;
						DevelopmentTeam = M95U3P5YY5;
						ProvisioningStyle = Manual;
					};
				};
			};
			buildConfigurationList = 8ED7E8161EB1BCED00F13023 /* Build configuration list for PBXProject "Pargi" */;
			compatibilityVersion = "Xcode 3.2";
			developmentRegion = English;
			hasScannedForEncodings = 0;
			knownRegions = (
				en,
				Base,
			);
			mainGroup = 8ED7E8121EB1BCED00F13023;
			productRefGroup = 8ED7E81C1EB1BCED00F13023 /* Products */;
			projectDirPath = "";
			projectRoot = "";
			targets = (
				8ED7E81A1EB1BCED00F13023 /* Pargi */,
			);
		};
/* End PBXProject section */

/* Begin PBXResourcesBuildPhase section */
		8ED7E8191EB1BCED00F13023 /* Resources */ = {
			isa = PBXResourcesBuildPhase;
			buildActionMask = 2147483647;
			files = (
				8ED7E8291EB1BCED00F13023 /* LaunchScreen.storyboard in Resources */,
				8ED7E8261EB1BCED00F13023 /* Assets.xcassets in Resources */,
				8E3921391EB1C13400277701 /* Cartfile in Resources */,
				8ED7E8241EB1BCED00F13023 /* Main.storyboard in Resources */,
			);
			runOnlyForDeploymentPostprocessing = 0;
		};
/* End PBXResourcesBuildPhase section */

/* Begin PBXShellScriptBuildPhase section */
		8E39213D1EB1C25B00277701 /* ShellScript */ = {
			isa = PBXShellScriptBuildPhase;
			buildActionMask = 2147483647;
			files = (
			);
			inputPaths = (
				"$(SRCROOT)/Carthage/Build/iOS/Cereal.framework",
			);
			outputPaths = (
			);
			runOnlyForDeploymentPostprocessing = 0;
			shellPath = /bin/sh;
			shellScript = "/usr/local/bin/carthage copy-frameworks";
		};
/* End PBXShellScriptBuildPhase section */

/* Begin PBXSourcesBuildPhase section */
		8ED7E8171EB1BCED00F13023 /* Sources */ = {
			isa = PBXSourcesBuildPhase;
			buildActionMask = 2147483647;
			files = (
				8ED7E8211EB1BCED00F13023 /* ViewController.swift in Sources */,
				8ED7E81F1EB1BCED00F13023 /* AppDelegate.swift in Sources */,
			);
			runOnlyForDeploymentPostprocessing = 0;
		};
/* End PBXSourcesBuildPhase section */

/* Begin PBXVariantGroup section */
		8ED7E8221EB1BCED00F13023 /* Main.storyboard */ = {
			isa = PBXVariantGroup;
			children = (
				8ED7E8231EB1BCED00F13023 /* Base */,
			);
			name = Main.storyboard;
			sourceTree = "<group>";
		};
		8ED7E8271EB1BCED00F13023 /* LaunchScreen.storyboard */ = {
			isa = PBXVariantGroup;
			children = (
				8ED7E8281EB1BCED00F13023 /* Base */,
			);
			name = LaunchScreen.storyboard;
			sourceTree = "<group>";
		};
/* End PBXVariantGroup section */

/* Begin XCBuildConfiguration section */
		8ED7E82B1EB1BCED00F13023 /* Debug */ = {
			isa = XCBuildConfiguration;
			buildSettings = {
				ALWAYS_SEARCH_USER_PATHS = NO;
				CLANG_ANALYZER_NONNULL = YES;
				CLANG_ANALYZER_NUMBER_OBJECT_CONVERSION = YES_AGGRESSIVE;
				CLANG_CXX_LANGUAGE_STANDARD = "gnu++0x";
				CLANG_CXX_LIBRARY = "libc++";
				CLANG_ENABLE_MODULES = YES;
				CLANG_ENABLE_OBJC_ARC = YES;
				CLANG_WARN_BOOL_CONVERSION = YES;
				CLANG_WARN_CONSTANT_CONVERSION = YES;
				CLANG_WARN_DIRECT_OBJC_ISA_USAGE = YES_ERROR;
				CLANG_WARN_DOCUMENTATION_COMMENTS = YES;
				CLANG_WARN_EMPTY_BODY = YES;
				CLANG_WARN_ENUM_CONVERSION = YES;
				CLANG_WARN_INFINITE_RECURSION = YES;
				CLANG_WARN_INT_CONVERSION = YES;
				CLANG_WARN_OBJC_ROOT_CLASS = YES_ERROR;
				CLANG_WARN_SUSPICIOUS_MOVE = YES;
				CLANG_WARN_UNREACHABLE_CODE = YES;
				CLANG_WARN__DUPLICATE_METHOD_MATCH = YES;
				"CODE_SIGN_IDENTITY[sdk=iphoneos*]" = "iPhone Developer";
				COPY_PHASE_STRIP = NO;
				DEBUG_INFORMATION_FORMAT = dwarf;
				ENABLE_STRICT_OBJC_MSGSEND = YES;
				ENABLE_TESTABILITY = YES;
				GCC_C_LANGUAGE_STANDARD = gnu99;
				GCC_DYNAMIC_NO_PIC = NO;
				GCC_NO_COMMON_BLOCKS = YES;
				GCC_OPTIMIZATION_LEVEL = 0;
				GCC_PREPROCESSOR_DEFINITIONS = (
					"DEBUG=1",
					"$(inherited)",
				);
				GCC_WARN_64_TO_32_BIT_CONVERSION = YES;
				GCC_WARN_ABOUT_RETURN_TYPE = YES_ERROR;
				GCC_WARN_UNDECLARED_SELECTOR = YES;
				GCC_WARN_UNINITIALIZED_AUTOS = YES_AGGRESSIVE;
				GCC_WARN_UNUSED_FUNCTION = YES;
				GCC_WARN_UNUSED_VARIABLE = YES;
				IPHONEOS_DEPLOYMENT_TARGET = 10.3;
				MTL_ENABLE_DEBUG_INFO = YES;
				ONLY_ACTIVE_ARCH = YES;
				SDKROOT = iphoneos;
				SWIFT_ACTIVE_COMPILATION_CONDITIONS = DEBUG;
				SWIFT_OPTIMIZATION_LEVEL = "-Onone";
			};
			name = Debug;
		};
		8ED7E82C1EB1BCED00F13023 /* Release */ = {
			isa = XCBuildConfiguration;
			buildSettings = {
				ALWAYS_SEARCH_USER_PATHS = NO;
				CLANG_ANALYZER_NONNULL = YES;
				CLANG_ANALYZER_NUMBER_OBJECT_CONVERSION = YES_AGGRESSIVE;
				CLANG_CXX_LANGUAGE_STANDARD = "gnu++0x";
				CLANG_CXX_LIBRARY = "libc++";
				CLANG_ENABLE_MODULES = YES;
				CLANG_ENABLE_OBJC_ARC = YES;
				CLANG_WARN_BOOL_CONVERSION = YES;
				CLANG_WARN_CONSTANT_CONVERSION = YES;
				CLANG_WARN_DIRECT_OBJC_ISA_USAGE = YES_ERROR;
				CLANG_WARN_DOCUMENTATION_COMMENTS = YES;
				CLANG_WARN_EMPTY_BODY = YES;
				CLANG_WARN_ENUM_CONVERSION = YES;
				CLANG_WARN_INFINITE_RECURSION = YES;
				CLANG_WARN_INT_CONVERSION = YES;
				CLANG_WARN_OBJC_ROOT_CLASS = YES_ERROR;
				CLANG_WARN_SUSPICIOUS_MOVE = YES;
				CLANG_WARN_UNREACHABLE_CODE = YES;
				CLANG_WARN__DUPLICATE_METHOD_MATCH = YES;
				"CODE_SIGN_IDENTITY[sdk=iphoneos*]" = "iPhone Developer";
				COPY_PHASE_STRIP = NO;
				DEBUG_INFORMATION_FORMAT = "dwarf-with-dsym";
				ENABLE_NS_ASSERTIONS = NO;
				ENABLE_STRICT_OBJC_MSGSEND = YES;
				GCC_C_LANGUAGE_STANDARD = gnu99;
				GCC_NO_COMMON_BLOCKS = YES;
				GCC_WARN_64_TO_32_BIT_CONVERSION = YES;
				GCC_WARN_ABOUT_RETURN_TYPE = YES_ERROR;
				GCC_WARN_UNDECLARED_SELECTOR = YES;
				GCC_WARN_UNINITIALIZED_AUTOS = YES_AGGRESSIVE;
				GCC_WARN_UNUSED_FUNCTION = YES;
				GCC_WARN_UNUSED_VARIABLE = YES;
				IPHONEOS_DEPLOYMENT_TARGET = 10.3;
				MTL_ENABLE_DEBUG_INFO = NO;
				SDKROOT = iphoneos;
				SWIFT_OPTIMIZATION_LEVEL = "-Owholemodule";
				VALIDATE_PRODUCT = YES;
			};
			name = Release;
		};
		8ED7E82E1EB1BCED00F13023 /* Debug */ = {
			isa = XCBuildConfiguration;
			buildSettings = {
				ASSETCATALOG_COMPILER_APPICON_NAME = AppIcon;
				"CODE_SIGN_IDENTITY[sdk=iphoneos*]" = "iPhone Developer";
				DEVELOPMENT_TEAM = M95U3P5YY5;
				FRAMEWORK_SEARCH_PATHS = (
					"$(inherited)",
					"$(PROJECT_DIR)/Carthage/Build/iOS",
				);
				INFOPLIST_FILE = Pargi/Info.plist;
				LD_RUNPATH_SEARCH_PATHS = "$(inherited) @executable_path/Frameworks";
				PRODUCT_BUNDLE_IDENTIFIER = hnormak.pargi;
				PRODUCT_NAME = "$(TARGET_NAME)";
				PROVISIONING_PROFILE = "ca692231-9b31-4c84-982c-94d8362fa582";
				PROVISIONING_PROFILE_SPECIFIER = "Pargi Development";
				SWIFT_VERSION = 3.0;
			};
			name = Debug;
		};
		8ED7E82F1EB1BCED00F13023 /* Release */ = {
			isa = XCBuildConfiguration;
			buildSettings = {
				ASSETCATALOG_COMPILER_APPICON_NAME = AppIcon;
				"CODE_SIGN_IDENTITY[sdk=iphoneos*]" = "iPhone Distribution";
				DEVELOPMENT_TEAM = M95U3P5YY5;
				FRAMEWORK_SEARCH_PATHS = (
					"$(inherited)",
					"$(PROJECT_DIR)/Carthage/Build/iOS",
				);
				INFOPLIST_FILE = Pargi/Info.plist;
				LD_RUNPATH_SEARCH_PATHS = "$(inherited) @executable_path/Frameworks";
				PRODUCT_BUNDLE_IDENTIFIER = hnormak.pargi;
				PRODUCT_NAME = "$(TARGET_NAME)";
				PROVISIONING_PROFILE_SPECIFIER = "Pargi App Store";
				SWIFT_VERSION = 3.0;
			};
			name = Release;
		};
/* End XCBuildConfiguration section */

/* Begin XCConfigurationList section */
		8ED7E8161EB1BCED00F13023 /* Build configuration list for PBXProject "Pargi" */ = {
			isa = XCConfigurationList;
			buildConfigurations = (
				8ED7E82B1EB1BCED00F13023 /* Debug */,
				8ED7E82C1EB1BCED00F13023 /* Release */,
			);
			defaultConfigurationIsVisible = 0;
			defaultConfigurationName = Release;
		};
		8ED7E82D1EB1BCED00F13023 /* Build configuration list for PBXNativeTarget "Pargi" */ = {
			isa = XCConfigurationList;
			buildConfigurations = (
				8ED7E82E1EB1BCED00F13023 /* Debug */,
				8ED7E82F1EB1BCED00F13023 /* Release */,
			);
			defaultConfigurationIsVisible = 0;
			defaultConfigurationName = Release;
		};
/* End XCConfigurationList section */
	};
	rootObject = 8ED7E8131EB1BCED00F13023 /* Project object */;
}
